
Microsoft Visual Studio Solution File, Format Version 12.00
# Visual Studio Version 17
VisualStudioVersion = 17.2.32526.322
MinimumVisualStudioVersion = 10.0.40219.1
Project("{FAE04EC0-301F-11D3-BF4B-00C04F79EFBC}") = "YouTubeFeast", "YouTubeFeast.csproj", "{66913DA7-A88F-4F15-AE91-A5EE6627C928}"
EndProject
Project("{FAE04EC0-301F-11D3-BF4B-00C04F79EFBC}") = "vimeo-download-library", "lib\vimeo-downloader-sharp\vimeo-download-library\vimeo-download-library.csproj", "{E14C15E9-5D5C-48A1-B29B-C0D6D9A9E52E}"
EndProject
Global
	GlobalSection(SolutionConfigurationPlatforms) = preSolution
		Debug|Any CPU = Debug|Any CPU
		Debug|Mixed Platforms = Debug|Mixed Platforms
		Debug|x86 = Debug|x86
		Release|Any CPU = Release|Any CPU
		Release|Mixed Platforms = Release|Mixed Platforms
		Release|x86 = Release|x86
	EndGlobalSection
	GlobalSection(ProjectConfigurationPlatforms) = postSolution
		{66913DA7-A88F-4F15-AE91-A5EE6627C928}.Debug|Any CPU.ActiveCfg = Debug|x86
		{66913DA7-A88F-4F15-AE91-A5EE6627C928}.Debug|Mixed Platforms.ActiveCfg = Debug|x86
		{66913DA7-A88F-4F15-AE91-A5EE6627C928}.Debug|Mixed Platforms.Build.0 = Debug|x86
		{66913DA7-A88F-4F15-AE91-A5EE6627C928}.Debug|x86.ActiveCfg = Debug|x86
		{66913DA7-A88F-4F15-AE91-A5EE6627C928}.Debug|x86.Build.0 = Debug|x86
		{66913DA7-A88F-4F15-AE91-A5EE6627C928}.Release|Any CPU.ActiveCfg = Release|x86
		{66913DA7-A88F-4F15-AE91-A5EE6627C928}.Release|Mixed Platforms.ActiveCfg = Release|x86
		{66913DA7-A88F-4F15-AE91-A5EE6627C928}.Release|Mixed Platforms.Build.0 = Release|x86
		{66913DA7-A88F-4F15-AE91-A5EE6627C928}.Release|x86.ActiveCfg = Release|x86
		{66913DA7-A88F-4F15-AE91-A5EE6627C928}.Release|x86.Build.0 = Release|x86
		{E14C15E9-5D5C-48A1-B29B-C0D6D9A9E52E}.Debug|Any CPU.ActiveCfg = Debug|Any CPU
		{E14C15E9-5D5C-48A1-B29B-C0D6D9A9E52E}.Debug|Any CPU.Build.0 = Debug|Any CPU
		{E14C15E9-5D5C-48A1-B29B-C0D6D9A9E52E}.Debug|Mixed Platforms.ActiveCfg = Debug|Any CPU
		{E14C15E9-5D5C-48A1-B29B-C0D6D9A9E52E}.Debug|Mixed Platforms.Build.0 = Debug|Any CPU
		{E14C15E9-5D5C-48A1-B29B-C0D6D9A9E52E}.Debug|x86.ActiveCfg = Debug|Any CPU
		{E14C15E9-5D5C-48A1-B29B-C0D6D9A9E52E}.Release|Any CPU.ActiveCfg = Release|Any CPU
		{E14C15E9-5D5C-48A1-B29B-C0D6D9A9E52E}.Release|Any CPU.Build.0 = Release|Any CPU
		{E14C15E9-5D5C-48A1-B29B-C0D6D9A9E52E}.Release|Mixed Platforms.ActiveCfg = Release|Any CPU
		{E14C15E9-5D5C-48A1-B29B-C0D6D9A9E52E}.Release|Mixed Platforms.Build.0 = Release|Any CPU
		{E14C15E9-5D5C-48A1-B29B-C0D6D9A9E52E}.Release|x86.ActiveCfg = Release|Any CPU
	EndGlobalSection
	GlobalSection(SolutionProperties) = preSolution
		HideSolutionNode = FALSE
	EndGlobalSection
	GlobalSection(ExtensibilityGlobals) = postSolution
		SolutionGuid = {1D97FE22-031B-4253-B670-8A2CE11FBB6E}
	EndGlobalSection
EndGlobal
